// !$*UTF8*$!
{
	archiveVersion = 1;
	classes = {
	};
	objectVersion = 46;
	objects = {

/* Begin PBXBuildFile section */
		21E280A31744B54F007FB356 /* Foundation.framework in Frameworks */ = {isa = PBXBuildFile; fileRef = 21E280A21744B54F007FB356 /* Foundation.framework */; };
		21E280A51744B54F007FB356 /* UIKit.framework in Frameworks */ = {isa = PBXBuildFile; fileRef = 21E280A41744B54F007FB356 /* UIKit.framework */; };
		21E280A71744B54F007FB356 /* CoreGraphics.framework in Frameworks */ = {isa = PBXBuildFile; fileRef = 21E280A61744B54F007FB356 /* CoreGraphics.framework */; };
		21E280A91744B54F007FB356 /* AddressBook.framework in Frameworks */ = {isa = PBXBuildFile; fileRef = 21E280A81744B54F007FB356 /* AddressBook.framework */; };
		21E280AB1744B54F007FB356 /* AddressBookUI.framework in Frameworks */ = {isa = PBXBuildFile; fileRef = 21E280AA1744B54F007FB356 /* AddressBookUI.framework */; };
		21E280AD1744B54F007FB356 /* AudioToolbox.framework in Frameworks */ = {isa = PBXBuildFile; fileRef = 21E280AC1744B54F007FB356 /* AudioToolbox.framework */; };
		21E280AF1744B54F007FB356 /* AVFoundation.framework in Frameworks */ = {isa = PBXBuildFile; fileRef = 21E280AE1744B54F007FB356 /* AVFoundation.framework */; };
		21E280B11744B54F007FB356 /* CoreLocation.framework in Frameworks */ = {isa = PBXBuildFile; fileRef = 21E280B01744B54F007FB356 /* CoreLocation.framework */; };
		21E280B31744B54F007FB356 /* MediaPlayer.framework in Frameworks */ = {isa = PBXBuildFile; fileRef = 21E280B21744B54F007FB356 /* MediaPlayer.framework */; };
		21E280B51744B54F007FB356 /* QuartzCore.framework in Frameworks */ = {isa = PBXBuildFile; fileRef = 21E280B41744B54F007FB356 /* QuartzCore.framework */; };
		21E280B71744B54F007FB356 /* SystemConfiguration.framework in Frameworks */ = {isa = PBXBuildFile; fileRef = 21E280B61744B54F007FB356 /* SystemConfiguration.framework */; };
		21E280B91744B54F007FB356 /* MobileCoreServices.framework in Frameworks */ = {isa = PBXBuildFile; fileRef = 21E280B81744B54F007FB356 /* MobileCoreServices.framework */; };
		21E280BB1744B54F007FB356 /* CoreMedia.framework in Frameworks */ = {isa = PBXBuildFile; fileRef = 21E280BA1744B54F007FB356 /* CoreMedia.framework */; };
		21E280C11744B54F007FB356 /* InfoPlist.strings in Resources */ = {isa = PBXBuildFile; fileRef = 21E280BF1744B54F007FB356 /* InfoPlist.strings */; };
		21E280C31744B54F007FB356 /* main.m in Sources */ = {isa = PBXBuildFile; fileRef = 21E280C21744B54F007FB356 /* main.m */; };
		21E280C61744B54F007FB356 /* PhoneGap.framework in Frameworks */ = {isa = PBXBuildFile; fileRef = 21E280C51744B54F007FB356 /* PhoneGap.framework */; };
		21E280CB1744B54F007FB356 /* Localizable.strings in Resources */ = {isa = PBXBuildFile; fileRef = 21E280C91744B54F007FB356 /* Localizable.strings */; };
		21E280CF1744B54F007FB356 /* Localizable.strings in Resources */ = {isa = PBXBuildFile; fileRef = 21E280CD1744B54F007FB356 /* Localizable.strings */; };
		21E280D21744B54F007FB356 /* icon.png in Resources */ = {isa = PBXBuildFile; fileRef = 21E280D11744B54F007FB356 /* icon.png */; };
		21E280D41744B54F007FB356 /* icon@2x.png in Resources */ = {isa = PBXBuildFile; fileRef = 21E280D31744B54F007FB356 /* icon@2x.png */; };
		21E280D61744B54F007FB356 /* icon-72.png in Resources */ = {isa = PBXBuildFile; fileRef = 21E280D51744B54F007FB356 /* icon-72.png */; };
		21E280D91744B54F007FB356 /* Default.png in Resources */ = {isa = PBXBuildFile; fileRef = 21E280D81744B54F007FB356 /* Default.png */; };
		21E280DB1744B54F007FB356 /* Default@2x.png in Resources */ = {isa = PBXBuildFile; fileRef = 21E280DA1744B54F007FB356 /* Default@2x.png */; };
		21E280DD1744B54F007FB356 /* Capture.bundle in Resources */ = {isa = PBXBuildFile; fileRef = 21E280DC1744B54F007FB356 /* Capture.bundle */; };
		21E280DF1744B54F007FB356 /* PhoneGap.plist in Resources */ = {isa = PBXBuildFile; fileRef = 21E280DE1744B54F007FB356 /* PhoneGap.plist */; };
		21E280E31744B54F007FB356 /* AppDelegate.m in Sources */ = {isa = PBXBuildFile; fileRef = 21E280E21744B54F007FB356 /* AppDelegate.m */; };
		21E280F21744B627007FB356 /* www in Resources */ = {isa = PBXBuildFile; fileRef = 21E280F11744B627007FB356 /* www */; };
/* End PBXBuildFile section */

/* Begin PBXFileReference section */
		21E2809F1744B54F007FB356 /* mini_note_backbone.app */ = {isa = PBXFileReference; explicitFileType = wrapper.application; includeInIndex = 0; path = mini_note_backbone.app; sourceTree = BUILT_PRODUCTS_DIR; };
		21E280A21744B54F007FB356 /* Foundation.framework */ = {isa = PBXFileReference; lastKnownFileType = wrapper.framework; name = Foundation.framework; path = System/Library/Frameworks/Foundation.framework; sourceTree = SDKROOT; };
		21E280A41744B54F007FB356 /* UIKit.framework */ = {isa = PBXFileReference; lastKnownFileType = wrapper.framework; name = UIKit.framework; path = System/Library/Frameworks/UIKit.framework; sourceTree = SDKROOT; };
		21E280A61744B54F007FB356 /* CoreGraphics.framework */ = {isa = PBXFileReference; lastKnownFileType = wrapper.framework; name = CoreGraphics.framework; path = System/Library/Frameworks/CoreGraphics.framework; sourceTree = SDKROOT; };
		21E280A81744B54F007FB356 /* AddressBook.framework */ = {isa = PBXFileReference; lastKnownFileType = wrapper.framework; name = AddressBook.framework; path = System/Library/Frameworks/AddressBook.framework; sourceTree = SDKROOT; };
		21E280AA1744B54F007FB356 /* AddressBookUI.framework */ = {isa = PBXFileReference; lastKnownFileType = wrapper.framework; name = AddressBookUI.framework; path = System/Library/Frameworks/AddressBookUI.framework; sourceTree = SDKROOT; };
		21E280AC1744B54F007FB356 /* AudioToolbox.framework */ = {isa = PBXFileReference; lastKnownFileType = wrapper.framework; name = AudioToolbox.framework; path = System/Library/Frameworks/AudioToolbox.framework; sourceTree = SDKROOT; };
		21E280AE1744B54F007FB356 /* AVFoundation.framework */ = {isa = PBXFileReference; lastKnownFileType = wrapper.framework; name = AVFoundation.framework; path = System/Library/Frameworks/AVFoundation.framework; sourceTree = SDKROOT; };
		21E280B01744B54F007FB356 /* CoreLocation.framework */ = {isa = PBXFileReference; lastKnownFileType = wrapper.framework; name = CoreLocation.framework; path = System/Library/Frameworks/CoreLocation.framework; sourceTree = SDKROOT; };
		21E280B21744B54F007FB356 /* MediaPlayer.framework */ = {isa = PBXFileReference; lastKnownFileType = wrapper.framework; name = MediaPlayer.framework; path = System/Library/Frameworks/MediaPlayer.framework; sourceTree = SDKROOT; };
		21E280B41744B54F007FB356 /* QuartzCore.framework */ = {isa = PBXFileReference; lastKnownFileType = wrapper.framework; name = QuartzCore.framework; path = System/Library/Frameworks/QuartzCore.framework; sourceTree = SDKROOT; };
		21E280B61744B54F007FB356 /* SystemConfiguration.framework */ = {isa = PBXFileReference; lastKnownFileType = wrapper.framework; name = SystemConfiguration.framework; path = System/Library/Frameworks/SystemConfiguration.framework; sourceTree = SDKROOT; };
		21E280B81744B54F007FB356 /* MobileCoreServices.framework */ = {isa = PBXFileReference; lastKnownFileType = wrapper.framework; name = MobileCoreServices.framework; path = System/Library/Frameworks/MobileCoreServices.framework; sourceTree = SDKROOT; };
		21E280BA1744B54F007FB356 /* CoreMedia.framework */ = {isa = PBXFileReference; lastKnownFileType = wrapper.framework; name = CoreMedia.framework; path = System/Library/Frameworks/CoreMedia.framework; sourceTree = SDKROOT; };
		21E280BE1744B54F007FB356 /* mini_note_backbone-Info.plist */ = {isa = PBXFileReference; lastKnownFileType = text.plist.xml; path = "mini_note_backbone-Info.plist"; sourceTree = "<group>"; };
		21E280C01744B54F007FB356 /* en */ = {isa = PBXFileReference; lastKnownFileType = text.plist.strings; name = en; path = en.lproj/InfoPlist.strings; sourceTree = "<group>"; };
		21E280C21744B54F007FB356 /* main.m */ = {isa = PBXFileReference; lastKnownFileType = sourcecode.c.objc; path = main.m; sourceTree = "<group>"; };
		21E280C41744B54F007FB356 /* mini_note_backbone-Prefix.pch */ = {isa = PBXFileReference; lastKnownFileType = sourcecode.c.h; path = "mini_note_backbone-Prefix.pch"; sourceTree = "<group>"; };
		21E280C51744B54F007FB356 /* PhoneGap.framework */ = {isa = PBXFileReference; lastKnownFileType = wrapper.framework; name = PhoneGap.framework; path = /Users/Shared/PhoneGap/Frameworks/PhoneGap.framework; sourceTree = "<absolute>"; };
		21E280CA1744B54F007FB356 /* en */ = {isa = PBXFileReference; lastKnownFileType = text.plist.strings; name = en; path = Resources/en.lproj/Localizable.strings; sourceTree = "<group>"; };
		21E280CE1744B54F007FB356 /* es */ = {isa = PBXFileReference; lastKnownFileType = text.plist.strings; name = es; path = Resources/es.lproj/Localizable.strings; sourceTree = "<group>"; };
		21E280D11744B54F007FB356 /* icon.png */ = {isa = PBXFileReference; lastKnownFileType = image.png; name = icon.png; path = Resources/icons/icon.png; sourceTree = "<group>"; };
		21E280D31744B54F007FB356 /* icon@2x.png */ = {isa = PBXFileReference; lastKnownFileType = image.png; name = "icon@2x.png"; path = "Resources/icons/icon@2x.png"; sourceTree = "<group>"; };
		21E280D51744B54F007FB356 /* icon-72.png */ = {isa = PBXFileReference; lastKnownFileType = image.png; name = "icon-72.png"; path = "Resources/icons/icon-72.png"; sourceTree = "<group>"; };
		21E280D81744B54F007FB356 /* Default.png */ = {isa = PBXFileReference; lastKnownFileType = image.png; name = Default.png; path = Resources/splash/Default.png; sourceTree = "<group>"; };
		21E280DA1744B54F007FB356 /* Default@2x.png */ = {isa = PBXFileReference; lastKnownFileType = image.png; name = "Default@2x.png"; path = "Resources/splash/Default@2x.png"; sourceTree = "<group>"; };
		21E280DC1744B54F007FB356 /* Capture.bundle */ = {isa = PBXFileReference; lastKnownFileType = "wrapper.plug-in"; name = Capture.bundle; path = Resources/Capture.bundle; sourceTree = "<group>"; };
		21E280DE1744B54F007FB356 /* PhoneGap.plist */ = {isa = PBXFileReference; lastKnownFileType = text.plist.xml; path = PhoneGap.plist; sourceTree = "<group>"; };
		21E280E11744B54F007FB356 /* AppDelegate.h */ = {isa = PBXFileReference; lastKnownFileType = sourcecode.c.h; name = AppDelegate.h; path = Classes/AppDelegate.h; sourceTree = "<group>"; };
		21E280E21744B54F007FB356 /* AppDelegate.m */ = {isa = PBXFileReference; lastKnownFileType = sourcecode.c.objc; name = AppDelegate.m; path = Classes/AppDelegate.m; sourceTree = "<group>"; };
		21E280E51744B54F007FB356 /* README */ = {isa = PBXFileReference; lastKnownFileType = text; name = README; path = Plugins/README; sourceTree = "<group>"; };
		21E280F11744B627007FB356 /* www */ = {isa = PBXFileReference; lastKnownFileType = folder; path = www; sourceTree = "<group>"; };
/* End PBXFileReference section */

/* Begin PBXFrameworksBuildPhase section */
		21E280991744B54F007FB356 /* Frameworks */ = {
			isa = PBXFrameworksBuildPhase;
			buildActionMask = 2147483647;
			files = (
				21E280A31744B54F007FB356 /* Foundation.framework in Frameworks */,
				21E280A51744B54F007FB356 /* UIKit.framework in Frameworks */,
				21E280A71744B54F007FB356 /* CoreGraphics.framework in Frameworks */,
				21E280A91744B54F007FB356 /* AddressBook.framework in Frameworks */,
				21E280AB1744B54F007FB356 /* AddressBookUI.framework in Frameworks */,
				21E280AD1744B54F007FB356 /* AudioToolbox.framework in Frameworks */,
				21E280AF1744B54F007FB356 /* AVFoundation.framework in Frameworks */,
				21E280B11744B54F007FB356 /* CoreLocation.framework in Frameworks */,
				21E280B31744B54F007FB356 /* MediaPlayer.framework in Frameworks */,
				21E280B51744B54F007FB356 /* QuartzCore.framework in Frameworks */,
				21E280B71744B54F007FB356 /* SystemConfiguration.framework in Frameworks */,
				21E280B91744B54F007FB356 /* MobileCoreServices.framework in Frameworks */,
				21E280BB1744B54F007FB356 /* CoreMedia.framework in Frameworks */,
				21E280C61744B54F007FB356 /* PhoneGap.framework in Frameworks */,
			);
			runOnlyForDeploymentPostprocessing = 0;
		};
		21E2809C1744B54F007FB356 /* Frameworks */ = {
			isa = PBXFrameworksBuildPhase;
			buildActionMask = 2147483647;
			files = (
			);
			runOnlyForDeploymentPostprocessing = 0;
		};
/* End PBXFrameworksBuildPhase section */

/* Begin PBXGroup section */
		21E280931744B54F007FB356 = {
			isa = PBXGroup;
			children = (
				21E280F11744B627007FB356 /* www */,
				21E280BC1744B54F007FB356 /* mini_note_backbone */,
				21E280A11744B54F007FB356 /* Frameworks */,
				21E280A01744B54F007FB356 /* Products */,
			);
			sourceTree = "<group>";
		};
		21E280A01744B54F007FB356 /* Products */ = {
			isa = PBXGroup;
			children = (
				21E2809F1744B54F007FB356 /* mini_note_backbone.app */,
			);
			name = Products;
			sourceTree = "<group>";
		};
		21E280A11744B54F007FB356 /* Frameworks */ = {
			isa = PBXGroup;
			children = (
				21E280A21744B54F007FB356 /* Foundation.framework */,
				21E280A41744B54F007FB356 /* UIKit.framework */,
				21E280A61744B54F007FB356 /* CoreGraphics.framework */,
				21E280A81744B54F007FB356 /* AddressBook.framework */,
				21E280AA1744B54F007FB356 /* AddressBookUI.framework */,
				21E280AC1744B54F007FB356 /* AudioToolbox.framework */,
				21E280AE1744B54F007FB356 /* AVFoundation.framework */,
				21E280B01744B54F007FB356 /* CoreLocation.framework */,
				21E280B21744B54F007FB356 /* MediaPlayer.framework */,
				21E280B41744B54F007FB356 /* QuartzCore.framework */,
				21E280B61744B54F007FB356 /* SystemConfiguration.framework */,
				21E280B81744B54F007FB356 /* MobileCoreServices.framework */,
				21E280BA1744B54F007FB356 /* CoreMedia.framework */,
			);
			name = Frameworks;
			sourceTree = "<group>";
		};
		21E280BC1744B54F007FB356 /* mini_note_backbone */ = {
			isa = PBXGroup;
			children = (
				21E280C51744B54F007FB356 /* PhoneGap.framework */,
				21E280C71744B54F007FB356 /* Resources */,
				21E280E01744B54F007FB356 /* Classes */,
				21E280E41744B54F007FB356 /* Plugins */,
				21E280BD1744B54F007FB356 /* Supporting Files */,
			);
			path = mini_note_backbone;
			sourceTree = "<group>";
		};
		21E280BD1744B54F007FB356 /* Supporting Files */ = {
			isa = PBXGroup;
			children = (
				21E280BE1744B54F007FB356 /* mini_note_backbone-Info.plist */,
				21E280BF1744B54F007FB356 /* InfoPlist.strings */,
				21E280C21744B54F007FB356 /* main.m */,
				21E280C41744B54F007FB356 /* mini_note_backbone-Prefix.pch */,
				21E280DE1744B54F007FB356 /* PhoneGap.plist */,
			);
			name = "Supporting Files";
			sourceTree = "<group>";
		};
		21E280C71744B54F007FB356 /* Resources */ = {
			isa = PBXGroup;
			children = (
				21E280DC1744B54F007FB356 /* Capture.bundle */,
				21E280C81744B54F007FB356 /* en.lproj */,
				21E280CC1744B54F007FB356 /* es.lproj */,
				21E280D01744B54F007FB356 /* icons */,
				21E280D71744B54F007FB356 /* splash */,
			);
			name = Resources;
			sourceTree = "<group>";
		};
		21E280C81744B54F007FB356 /* en.lproj */ = {
			isa = PBXGroup;
			children = (
				21E280C91744B54F007FB356 /* Localizable.strings */,
			);
			name = en.lproj;
			sourceTree = "<group>";
		};
		21E280CC1744B54F007FB356 /* es.lproj */ = {
			isa = PBXGroup;
			children = (
				21E280CD1744B54F007FB356 /* Localizable.strings */,
			);
			name = es.lproj;
			sourceTree = "<group>";
		};
		21E280D01744B54F007FB356 /* icons */ = {
			isa = PBXGroup;
			children = (
				21E280D11744B54F007FB356 /* icon.png */,
				21E280D31744B54F007FB356 /* icon@2x.png */,
				21E280D51744B54F007FB356 /* icon-72.png */,
			);
			name = icons;
			sourceTree = "<group>";
		};
		21E280D71744B54F007FB356 /* splash */ = {
			isa = PBXGroup;
			children = (
				21E280D81744B54F007FB356 /* Default.png */,
				21E280DA1744B54F007FB356 /* Default@2x.png */,
			);
			name = splash;
			sourceTree = "<group>";
		};
		21E280E01744B54F007FB356 /* Classes */ = {
			isa = PBXGroup;
			children = (
				21E280E11744B54F007FB356 /* AppDelegate.h */,
				21E280E21744B54F007FB356 /* AppDelegate.m */,
			);
			name = Classes;
			sourceTree = "<group>";
		};
		21E280E41744B54F007FB356 /* Plugins */ = {
			isa = PBXGroup;
			children = (
				21E280E51744B54F007FB356 /* README */,
			);
			name = Plugins;
			sourceTree = "<group>";
		};
/* End PBXGroup section */

/* Begin PBXNativeTarget section */
		21E2809E1744B54F007FB356 /* mini_note_backbone */ = {
			isa = PBXNativeTarget;
			buildConfigurationList = 21E280E81744B54F007FB356 /* Build configuration list for PBXNativeTarget "mini_note_backbone" */;
			buildPhases = (
				21E280981744B54F007FB356 /* Sources */,
				21E280991744B54F007FB356 /* Frameworks */,
				21E2809A1744B54F007FB356 /* Resources */,
				21E2809B1744B54F007FB356 /* Sources */,
				21E2809C1744B54F007FB356 /* Frameworks */,
				21E2809D1744B54F007FB356 /* ShellScript */,
			);
			buildRules = (
			);
			dependencies = (
			);
			name = mini_note_backbone;
			productName = mini_note_backbone;
			productReference = 21E2809F1744B54F007FB356 /* mini_note_backbone.app */;
			productType = "com.apple.product-type.application";
		};
/* End PBXNativeTarget section */

/* Begin PBXProject section */
		21E280941744B54F007FB356 /* Project object */ = {
			isa = PBXProject;
			attributes = {
				LastUpgradeCheck = 0460;
				ORGANIZATIONNAME = lvxin;
			};
			buildConfigurationList = 21E280971744B54F007FB356 /* Build configuration list for PBXProject "mini_note_backbone" */;
			compatibilityVersion = "Xcode 3.2";
			developmentRegion = English;
			hasScannedForEncodings = 0;
			knownRegions = (
				en,
				es,
			);
			mainGroup = 21E280931744B54F007FB356;
			productRefGroup = 21E280A01744B54F007FB356 /* Products */;
			projectDirPath = "";
			projectRoot = "";
			targets = (
				21E2809E1744B54F007FB356 /* mini_note_backbone */,
			);
		};
/* End PBXProject section */

/* Begin PBXResourcesBuildPhase section */
		21E2809A1744B54F007FB356 /* Resources */ = {
			isa = PBXResourcesBuildPhase;
			buildActionMask = 2147483647;
			files = (
				21E280C11744B54F007FB356 /* InfoPlist.strings in Resources */,
				21E280CB1744B54F007FB356 /* Localizable.strings in Resources */,
				21E280CF1744B54F007FB356 /* Localizable.strings in Resources */,
				21E280D21744B54F007FB356 /* icon.png in Resources */,
				21E280D41744B54F007FB356 /* icon@2x.png in Resources */,
				21E280D61744B54F007FB356 /* icon-72.png in Resources */,
				21E280D91744B54F007FB356 /* Default.png in Resources */,
				21E280DB1744B54F007FB356 /* Default@2x.png in Resources */,
				21E280DD1744B54F007FB356 /* Capture.bundle in Resources */,
				21E280DF1744B54F007FB356 /* PhoneGap.plist in Resources */,
				21E280F21744B627007FB356 /* www in Resources */,
			);
			runOnlyForDeploymentPostprocessing = 0;
		};
/* End PBXResourcesBuildPhase section */

/* Begin PBXShellScriptBuildPhase section */
		21E2809D1744B54F007FB356 /* ShellScript */ = {
			isa = PBXShellScriptBuildPhase;
			buildActionMask = 2147483647;
			files = (
			);
			inputPaths = (
			);
			outputPaths = (
			);
			runOnlyForDeploymentPostprocessing = 0;
			shellPath = /bin/bash;
			shellScript = "\n\t\t\t\t\t\t\t\tif [ ! -d \"$PROJECT_DIR/www\" ] ; then\n\t\t\t\t\t\t\t\t\tcp -R /Users/Shared/PhoneGap/Frameworks/PhoneGap.framework/www \"$PROJECT_DIR\"\n\t\t\t\t\t\t\t\tfi\n\t\t\t\t\t\t\t\t# detect www folder reference in project, if missing, print warning\n\t\t\t\t\t\t\t\tgrep \"{isa = PBXFileReference; lastKnownFileType = folder; path = www; sourceTree = \\\"<group>\\\"; };\" \"$PROJECT_DIR/$PROJECT_NAME.xcodeproj/project.pbxproj\"\n\t\t\t\t\t\t\t\trc=$? \n\t\t\t\t\t\t\t\tif [ $rc != 0 ] ; then\n\t\t\t\t\t\t\t\techo -e \"warning: Missing - Add $PROJECT_DIR/www as a folder reference in your project. Just drag and drop the folder into your project, in Xcode 4.\" 1>&2\n\t\t\t\t\t\t\t\tfi\t\t\t\t\t\t\t";
		};
/* End PBXShellScriptBuildPhase section */

/* Begin PBXSourcesBuildPhase section */
		21E280981744B54F007FB356 /* Sources */ = {
			isa = PBXSourcesBuildPhase;
			buildActionMask = 2147483647;
			files = (
				21E280C31744B54F007FB356 /* main.m in Sources */,
				21E280E31744B54F007FB356 /* AppDelegate.m in Sources */,
			);
			runOnlyForDeploymentPostprocessing = 0;
		};
		21E2809B1744B54F007FB356 /* Sources */ = {
			isa = PBXSourcesBuildPhase;
			buildActionMask = 2147483647;
			files = (
			);
			runOnlyForDeploymentPostprocessing = 0;
		};
/* End PBXSourcesBuildPhase section */

/* Begin PBXVariantGroup section */
		21E280BF1744B54F007FB356 /* InfoPlist.strings */ = {
			isa = PBXVariantGroup;
			children = (
				21E280C01744B54F007FB356 /* en */,
			);
			name = InfoPlist.strings;
			sourceTree = "<group>";
		};
		21E280C91744B54F007FB356 /* Localizable.strings */ = {
			isa = PBXVariantGroup;
			children = (
				21E280CA1744B54F007FB356 /* en */,
			);
			name = Localizable.strings;
			sourceTree = "<group>";
		};
		21E280CD1744B54F007FB356 /* Localizable.strings */ = {
			isa = PBXVariantGroup;
			children = (
				21E280CE1744B54F007FB356 /* es */,
			);
			name = Localizable.strings;
			sourceTree = "<group>";
		};
/* End PBXVariantGroup section */

/* Begin XCBuildConfiguration section */
		21E280E61744B54F007FB356 /* Debug */ = {
			isa = XCBuildConfiguration;
			buildSettings = {
				ALWAYS_SEARCH_USER_PATHS = NO;
				ARCHS = "$(ARCHS_STANDARD_32_BIT)";
				CLANG_CXX_LANGUAGE_STANDARD = "gnu++0x";
				CLANG_CXX_LIBRARY = "libc++";
				CLANG_ENABLE_OBJC_ARC = YES;
				CLANG_WARN_CONSTANT_CONVERSION = YES;
				CLANG_WARN_EMPTY_BODY = YES;
				CLANG_WARN_ENUM_CONVERSION = YES;
				CLANG_WARN_INT_CONVERSION = YES;
				CLANG_WARN__DUPLICATE_METHOD_MATCH = YES;
				"CODE_SIGN_IDENTITY[sdk=iphoneos*]" = "iPhone Developer";
				COPY_PHASE_STRIP = NO;
				GCC_C_LANGUAGE_STANDARD = gnu99;
				GCC_DYNAMIC_NO_PIC = NO;
				GCC_OPTIMIZATION_LEVEL = 0;
				GCC_PREPROCESSOR_DEFINITIONS = (
					"DEBUG=1",
					"$(inherited)",
				);
				GCC_SYMBOLS_PRIVATE_EXTERN = NO;
				GCC_VERSION = com.apple.compilers.llvmgcc42;
				GCC_WARN_ABOUT_RETURN_TYPE = YES;
				GCC_WARN_UNINITIALIZED_AUTOS = YES;
				GCC_WARN_UNUSED_VARIABLE = YES;
				IPHONEOS_DEPLOYMENT_TARGET = 3.1;
				ONLY_ACTIVE_ARCH = YES;
				SDKROOT = iphoneos;
			};
			name = Debug;
		};
		21E280E71744B54F007FB356 /* Release */ = {
			isa = XCBuildConfiguration;
			buildSettings = {
				ALWAYS_SEARCH_USER_PATHS = NO;
				ARCHS = "$(ARCHS_STANDARD_32_BIT)";
				CLANG_CXX_LANGUAGE_STANDARD = "gnu++0x";
				CLANG_CXX_LIBRARY = "libc++";
				CLANG_ENABLE_OBJC_ARC = YES;
				CLANG_WARN_CONSTANT_CONVERSION = YES;
				CLANG_WARN_EMPTY_BODY = YES;
				CLANG_WARN_ENUM_CONVERSION = YES;
				CLANG_WARN_INT_CONVERSION = YES;
				CLANG_WARN__DUPLICATE_METHOD_MATCH = YES;
				"CODE_SIGN_IDENTITY[sdk=iphoneos*]" = "iPhone Developer";
				COPY_PHASE_STRIP = YES;
				GCC_C_LANGUAGE_STANDARD = gnu99;
				GCC_VERSION = com.apple.compilers.llvmgcc42;
				GCC_WARN_ABOUT_RETURN_TYPE = YES;
				GCC_WARN_UNINITIALIZED_AUTOS = YES;
				GCC_WARN_UNUSED_VARIABLE = YES;
				IPHONEOS_DEPLOYMENT_TARGET = 3.1;
				SDKROOT = iphoneos;
				VALIDATE_PRODUCT = YES;
			};
			name = Release;
		};
		21E280E91744B54F007FB356 /* Debug */ = {
			isa = XCBuildConfiguration;
			buildSettings = {
				ALWAYS_SEARCH_USER_PATHS = YES;
				COPY_PHASE_STRIP = NO;
				FRAMEWORK_SEARCH_PATHS = /Users/Shared/PhoneGap/Frameworks;
				GCC_DYNAMIC_NO_PIC = NO;
				GCC_PRECOMPILE_PREFIX_HEADER = YES;
				GCC_PREFIX_HEADER = "mini_note_backbone/mini_note_backbone-Prefix.pch";
				GCC_PREPROCESSOR_DEFINITIONS = "PHONEGAP_FRAMEWORK=YES";
				INFOPLIST_FILE = "mini_note_backbone/mini_note_backbone-Info.plist";
				IPHONEOS_DEPLOYMENT_TARGET = 6.1;
				PRODUCT_NAME = "$(TARGET_NAME)";
				TARGETED_DEVICE_FAMILY = 1;
				WRAPPER_EXTENSION = app;
			};
			name = Debug;
		};
		21E280EA1744B54F007FB356 /* Release */ = {
			isa = XCBuildConfiguration;
			buildSettings = {
				ALWAYS_SEARCH_USER_PATHS = YES;
				COPY_PHASE_STRIP = YES;
				DEBUG_INFORMATION_FORMAT = "dwarf-with-dsym";
				FRAMEWORK_SEARCH_PATHS = /Users/Shared/PhoneGap/Frameworks;
				GCC_PRECOMPILE_PREFIX_HEADER = YES;
				GCC_PREFIX_HEADER = "mini_note_backbone/mini_note_backbone-Prefix.pch";
				GCC_PREPROCESSOR_DEFINITIONS = "PHONEGAP_FRAMEWORK=YES";
				INFOPLIST_FILE = "mini_note_backbone/mini_note_backbone-Info.plist";
				IPHONEOS_DEPLOYMENT_TARGET = 6.1;
				PRODUCT_NAME = "$(TARGET_NAME)";
				TARGETED_DEVICE_FAMILY = 1;
				VALIDATE_PRODUCT = YES;
				WRAPPER_EXTENSION = app;
			};
			name = Release;
		};
/* End XCBuildConfiguration section */

/* Begin XCConfigurationList section */
		21E280971744B54F007FB356 /* Build configuration list for PBXProject "mini_note_backbone" */ = {
			isa = XCConfigurationList;
			buildConfigurations = (
				21E280E61744B54F007FB356 /* Debug */,
				21E280E71744B54F007FB356 /* Release */,
			);
			defaultConfigurationIsVisible = 0;
			defaultConfigurationName = Release;
		};
		21E280E81744B54F007FB356 /* Build configuration list for PBXNativeTarget "mini_note_backbone" */ = {
			isa = XCConfigurationList;
			buildConfigurations = (
				21E280E91744B54F007FB356 /* Debug */,
				21E280EA1744B54F007FB356 /* Release */,
			);
			defaultConfigurationIsVisible = 0;
			defaultConfigurationName = Release;
		};
/* End XCConfigurationList section */
	};
	rootObject = 21E280941744B54F007FB356 /* Project object */;
}
